
Microsoft Visual Studio Solution File, Format Version 12.00
# Visual Studio Version 16
VisualStudioVersion = 16.0.31613.86
MinimumVisualStudioVersion = 10.0.40219.1
Project("{FAE04EC0-301F-11D3-BF4B-00C04F79EFBC}") = "Supra.Wasm.Server", "Supra.Wasm\Server\Supra.Wasm.Server.csproj", "{EE0F24EC-FE17-4B67-B650-94DFD3D7ECBA}"
EndProject
Project("{FAE04EC0-301F-11D3-BF4B-00C04F79EFBC}") = "Supra.Wasm.Client", "Supra.Wasm\Client\Supra.Wasm.Client.csproj", "{BFA02185-E938-44FF-9F8B-62E9364AA65D}"
EndProject
Project("{FAE04EC0-301F-11D3-BF4B-00C04F79EFBC}") = "Supra.Wasm.Shared", "Supra.Wasm\Shared\Supra.Wasm.Shared.csproj", "{0CB3729A-C07C-481A-81DE-9D2ED4434483}"
EndProject
Global
	GlobalSection(SolutionConfigurationPlatforms) = preSolution
		Debug|Any CPU = Debug|Any CPU
		Release|Any CPU = Release|Any CPU
	EndGlobalSection
	GlobalSection(ProjectConfigurationPlatforms) = postSolution
		{EE0F24EC-FE17-4B67-B650-94DFD3D7ECBA}.Debug|Any CPU.ActiveCfg = Debug|Any CPU
		{EE0F24EC-FE17-4B67-B650-94DFD3D7ECBA}.Debug|Any CPU.Build.0 = Debug|Any CPU
		{EE0F24EC-FE17-4B67-B650-94DFD3D7ECBA}.Release|Any CPU.ActiveCfg = Release|Any CPU
		{EE0F24EC-FE17-4B67-B650-94DFD3D7ECBA}.Release|Any CPU.Build.0 = Release|Any CPU
		{BFA02185-E938-44FF-9F8B-62E9364AA65D}.Debug|Any CPU.ActiveCfg = Debug|Any CPU
		{BFA02185-E938-44FF-9F8B-62E9364AA65D}.Debug|Any CPU.Build.0 = Debug|Any CPU
		{BFA02185-E938-44FF-9F8B-62E9364AA65D}.Release|Any CPU.ActiveCfg = Release|Any CPU
		{BFA02185-E938-44FF-9F8B-62E9364AA65D}.Release|Any CPU.Build.0 = Release|Any CPU
		{0CB3729A-C07C-481A-81DE-9D2ED4434483}.Debug|Any CPU.ActiveCfg = Debug|Any CPU
		{0CB3729A-C07C-481A-81DE-9D2ED4434483}.Debug|Any CPU.Build.0 = Debug|Any CPU
		{0CB3729A-C07C-481A-81DE-9D2ED4434483}.Release|Any CPU.ActiveCfg = Release|Any CPU
		{0CB3729A-C07C-481A-81DE-9D2ED4434483}.Release|Any CPU.Build.0 = Release|Any CPU
	EndGlobalSection
	GlobalSection(SolutionProperties) = preSolution
		HideSolutionNode = FALSE
	EndGlobalSection
	GlobalSection(ExtensibilityGlobals) = postSolution
		SolutionGuid = {D3E544D5-E9AA-4500-B386-5C45F1961411}
	EndGlobalSection
EndGlobal
