
Microsoft Visual Studio Solution File, Format Version 12.00
# Visual Studio Version 16
VisualStudioVersion = 16.0.31613.86
MinimumVisualStudioVersion = 10.0.40219.1
Project("{FAE04EC0-301F-11D3-BF4B-00C04F79EFBC}") = "Supra.Wasm.Server", "Supra.Wasm\Server\Supra.Wasm.Server.csproj", "{EFEEA3DE-A598-4191-BC3C-E035FFDF8A3A}"
EndProject
Project("{FAE04EC0-301F-11D3-BF4B-00C04F79EFBC}") = "Supra.Wasm.Client", "Supra.Wasm\Client\Supra.Wasm.Client.csproj", "{B6B08BDC-9C04-40C9-8634-0AC9DFA54D9C}"
EndProject
Project("{FAE04EC0-301F-11D3-BF4B-00C04F79EFBC}") = "Supra.Wasm.Shared", "Supra.Wasm\Shared\Supra.Wasm.Shared.csproj", "{A2B43FD9-D280-434D-8D79-6DF71751ECC0}"
EndProject
Global
	GlobalSection(SolutionConfigurationPlatforms) = preSolution
		Debug|Any CPU = Debug|Any CPU
		Release|Any CPU = Release|Any CPU
	EndGlobalSection
	GlobalSection(ProjectConfigurationPlatforms) = postSolution
		{EFEEA3DE-A598-4191-BC3C-E035FFDF8A3A}.Debug|Any CPU.ActiveCfg = Debug|Any CPU
		{EFEEA3DE-A598-4191-BC3C-E035FFDF8A3A}.Debug|Any CPU.Build.0 = Debug|Any CPU
		{EFEEA3DE-A598-4191-BC3C-E035FFDF8A3A}.Release|Any CPU.ActiveCfg = Release|Any CPU
		{EFEEA3DE-A598-4191-BC3C-E035FFDF8A3A}.Release|Any CPU.Build.0 = Release|Any CPU
		{B6B08BDC-9C04-40C9-8634-0AC9DFA54D9C}.Debug|Any CPU.ActiveCfg = Debug|Any CPU
		{B6B08BDC-9C04-40C9-8634-0AC9DFA54D9C}.Debug|Any CPU.Build.0 = Debug|Any CPU
		{B6B08BDC-9C04-40C9-8634-0AC9DFA54D9C}.Release|Any CPU.ActiveCfg = Release|Any CPU
		{B6B08BDC-9C04-40C9-8634-0AC9DFA54D9C}.Release|Any CPU.Build.0 = Release|Any CPU
		{A2B43FD9-D280-434D-8D79-6DF71751ECC0}.Debug|Any CPU.ActiveCfg = Debug|Any CPU
		{A2B43FD9-D280-434D-8D79-6DF71751ECC0}.Debug|Any CPU.Build.0 = Debug|Any CPU
		{A2B43FD9-D280-434D-8D79-6DF71751ECC0}.Release|Any CPU.ActiveCfg = Release|Any CPU
		{A2B43FD9-D280-434D-8D79-6DF71751ECC0}.Release|Any CPU.Build.0 = Release|Any CPU
	EndGlobalSection
	GlobalSection(SolutionProperties) = preSolution
		HideSolutionNode = FALSE
	EndGlobalSection
	GlobalSection(ExtensibilityGlobals) = postSolution
		SolutionGuid = {2EAB880F-1DE5-4740-9F6A-96CBEAF78891}
	EndGlobalSection
EndGlobal
